{
  "version": 4,
  "terraform_version": "1.14.0",
  "serial": 3,
  "lineage": "39c17387-1332-f2a4-bd66-c6c7d83e188c",
  "outputs": {
    "container_created": {
      "value": "Container SQL Server 'sql_server' criado com sucesso!",
      "type": "string"
    },
    "sql_server_details": {
      "value": {
        "connection_string": "Server=localhost,1433;Database=master;User Id=sa;Password=GrupoE2526!;TrustServerCertificate=true;",
        "container_name": "sql_server"
      },
      "type": [
        "object",
        {
          "connection_string": "string",
          "container_name": "string"
        }
      ],
      "sensitive": true
    }
  },
  "resources": [
    {
      "mode": "managed",
      "type": "docker_container",
      "name": "sql_server",
      "provider": "provider[\"registry.terraform.io/kreuzwerker/docker\"]",
      "instances": [
        {
          "schema_version": 2,
          "attributes": {
            "attach": false,
            "bridge": "",
            "capabilities": [],
            "cgroup_parent": null,
            "cgroupns_mode": null,
            "command": [
              "/opt/mssql/bin/sqlservr"
            ],
            "container_logs": null,
            "container_read_refresh_timeout_milliseconds": 15000,
            "cpu_period": null,
            "cpu_quota": null,
            "cpu_set": "",
            "cpu_shares": 0,
            "cpus": null,
            "destroy_grace_seconds": null,
            "devices": [],
            "dns": null,
            "dns_opts": null,
            "dns_search": null,
            "domainname": "",
            "entrypoint": [
              "/opt/mssql/bin/launch_sqlservr.sh"
            ],
            "env": [
              "ACCEPT_EULA=Y",
              "SA_PASSWORD=GrupoE2526!"
            ],
            "exit_code": null,
            "gpus": null,
            "group_add": null,
            "healthcheck": [
              {
                "interval": "30s",
                "retries": 5,
                "start_interval": "0s",
                "start_period": "30s",
                "test": [
                  "CMD-SHELL",
                  "/opt/mssql-tools/bin/sqlcmd -S localhost -U sa -P GrupoE2526! -Q \"SELECT 1\" || exit 1"
                ],
                "timeout": "10s"
              }
            ],
            "host": [],
            "hostname": "9564078e40d9",
            "id": "9564078e40d97ae4b5123adb716902ec5442682eafecb833612bc8bed9904d85",
            "image": "mcr.microsoft.com/mssql/server:latest",
            "init": false,
            "ipc_mode": "private",
            "labels": [],
            "log_driver": "json-file",
            "log_opts": null,
            "logs": false,
            "max_retry_count": 0,
            "memory": 2048,
            "memory_swap": 4096,
            "mounts": [],
            "must_run": true,
            "name": "sql_server",
            "network_data": [
              {
                "gateway": "172.17.0.1",
                "global_ipv6_address": "",
                "global_ipv6_prefix_length": 0,
                "ip_address": "172.17.0.2",
                "ip_prefix_length": 16,
                "ipv6_gateway": "",
                "mac_address": "2e:93:c4:7d:f3:b8",
                "network_name": "bridge"
              }
            ],
            "network_mode": "bridge",
            "networks_advanced": [],
            "pid_mode": "",
            "ports": [
              {
                "external": 1433,
                "internal": 1433,
                "ip": "0.0.0.0",
                "protocol": "tcp"
              }
            ],
            "privileged": false,
            "publish_all_ports": false,
            "read_only": false,
            "remove_volumes": true,
            "restart": "unless-stopped",
            "rm": false,
            "runtime": "runc",
            "security_opts": [],
            "shm_size": 64,
            "start": true,
            "stdin_open": false,
            "stop_signal": "",
            "stop_timeout": 1,
            "storage_opts": null,
            "sysctls": null,
            "tmpfs": null,
            "tty": false,
            "ulimit": [],
            "upload": [],
            "user": "mssql",
            "userns_mode": "",
            "volumes": [
              {
                "container_path": "/var/opt/mssql",
                "from_container": "",
                "host_path": "",
                "read_only": null,
                "volume_name": "mssql_data"
              }
            ],
            "wait": false,
            "wait_timeout": 60,
            "working_dir": ""
          },
          "sensitive_attributes": [],
          "identity_schema_version": 0,
          "private": "eyJzY2hlbWFfdmVyc2lvbiI6IjIifQ=="
        }
      ]
    },
    {
      "mode": "managed",
      "type": "docker_volume",
      "name": "mssql_data",
      "provider": "provider[\"registry.terraform.io/kreuzwerker/docker\"]",
      "instances": [
        {
          "schema_version": 1,
          "attributes": {
            "driver": "local",
            "driver_opts": null,
            "id": "mssql_data",
            "labels": [],
            "mountpoint": "/var/lib/docker/volumes/mssql_data/_data",
            "name": "mssql_data"
          },
          "sensitive_attributes": [],
          "identity_schema_version": 0,
          "private": "eyJzY2hlbWFfdmVyc2lvbiI6IjEifQ=="
        }
      ]
    }
  ],
  "check_results": null
}
